github.com/nouvalkaff/mod_call_name v1.5.0 h1:tRA6DsCBXkfM/mxKmRg159CbtEJV7P6iIybOf7zatHM=
github.com/nouvalkaff/mod_call_name v1.5.0/go.mod h1:siuai7uyfytkpx7Pnyple+wIBZktQs7Hhsn3WawWdCk=
github.com/nouvalkaff/mod_call_name v1.5.1 h1:wChEvqJkMfkR+oWKnuSd6tOqYyDRSljhgOU8RUSaoRc=
github.com/nouvalkaff/mod_call_name v1.5.1/go.mod h1:siuai7uyfytkpx7Pnyple+wIBZktQs7Hhsn3WawWdCk=
